
Microsoft Visual Studio Solution File, Format Version 12.00
# Visual Studio Version 17
VisualStudioVersion = 17.9.34607.119
MinimumVisualStudioVersion = 10.0.40219.1
Project("{9A19103F-16F7-4668-BE54-9A1E7A4F7556}") = "Poc.Microsservicosv2.Base", "Poc.Microsservicosv2.Base\Poc.Microsservicosv2.Base.csproj", "{034E6563-DCD0-4E37-83AC-76A0A48DE761}"
EndProject
Project("{9A19103F-16F7-4668-BE54-9A1E7A4F7556}") = "Poc.Microsservicosv2.Infra", "Poc.Microsservicosv2.Infra\Poc.Microsservicosv2.Infra.csproj", "{40C0D7E3-E6F8-437D-8EB1-A111B4BAD4EE}"
EndProject
Project("{9A19103F-16F7-4668-BE54-9A1E7A4F7556}") = "Poc.Microsservicosv2.Ioc", "Poc.Microsservicosv2.Ioc\Poc.Microsservicosv2.Ioc.csproj", "{CBDE5A09-B1D6-4CE6-8DDA-F0EE9ED3573E}"
EndProject
Global
	GlobalSection(SolutionConfigurationPlatforms) = preSolution
		Debug|Any CPU = Debug|Any CPU
		Release|Any CPU = Release|Any CPU
	EndGlobalSection
	GlobalSection(ProjectConfigurationPlatforms) = postSolution
		{034E6563-DCD0-4E37-83AC-76A0A48DE761}.Debug|Any CPU.ActiveCfg = Debug|Any CPU
		{034E6563-DCD0-4E37-83AC-76A0A48DE761}.Debug|Any CPU.Build.0 = Debug|Any CPU
		{034E6563-DCD0-4E37-83AC-76A0A48DE761}.Release|Any CPU.ActiveCfg = Release|Any CPU
		{034E6563-DCD0-4E37-83AC-76A0A48DE761}.Release|Any CPU.Build.0 = Release|Any CPU
		{40C0D7E3-E6F8-437D-8EB1-A111B4BAD4EE}.Debug|Any CPU.ActiveCfg = Debug|Any CPU
		{40C0D7E3-E6F8-437D-8EB1-A111B4BAD4EE}.Debug|Any CPU.Build.0 = Debug|Any CPU
		{40C0D7E3-E6F8-437D-8EB1-A111B4BAD4EE}.Release|Any CPU.ActiveCfg = Release|Any CPU
		{40C0D7E3-E6F8-437D-8EB1-A111B4BAD4EE}.Release|Any CPU.Build.0 = Release|Any CPU
		{CBDE5A09-B1D6-4CE6-8DDA-F0EE9ED3573E}.Debug|Any CPU.ActiveCfg = Debug|Any CPU
		{CBDE5A09-B1D6-4CE6-8DDA-F0EE9ED3573E}.Debug|Any CPU.Build.0 = Debug|Any CPU
		{CBDE5A09-B1D6-4CE6-8DDA-F0EE9ED3573E}.Release|Any CPU.ActiveCfg = Release|Any CPU
		{CBDE5A09-B1D6-4CE6-8DDA-F0EE9ED3573E}.Release|Any CPU.Build.0 = Release|Any CPU
	EndGlobalSection
	GlobalSection(SolutionProperties) = preSolution
		HideSolutionNode = FALSE
	EndGlobalSection
	GlobalSection(ExtensibilityGlobals) = postSolution
		SolutionGuid = {13BBE5AD-F7BD-4D20-BAD5-71EF605A0CCF}
	EndGlobalSection
EndGlobal
